
Microsoft Visual Studio Solution File, Format Version 12.00
# Visual Studio Version 16
VisualStudioVersion = 16.0.30114.105
MinimumVisualStudioVersion = 10.0.40219.1
Project("{FAE04EC0-301F-11D3-BF4B-00C04F79EFBC}") = "ADO", "ADO\ADO.csproj", "{17EEF7E8-1D0D-4CC4-A58E-8BED8CF3050D}"
EndProject
Global
	GlobalSection(SolutionConfigurationPlatforms) = preSolution
		Debug|Any CPU = Debug|Any CPU
		Release|Any CPU = Release|Any CPU
	EndGlobalSection
	GlobalSection(ProjectConfigurationPlatforms) = postSolution
		{17EEF7E8-1D0D-4CC4-A58E-8BED8CF3050D}.Debug|Any CPU.ActiveCfg = Debug|Any CPU
		{17EEF7E8-1D0D-4CC4-A58E-8BED8CF3050D}.Debug|Any CPU.Build.0 = Debug|Any CPU
		{17EEF7E8-1D0D-4CC4-A58E-8BED8CF3050D}.Release|Any CPU.ActiveCfg = Release|Any CPU
		{17EEF7E8-1D0D-4CC4-A58E-8BED8CF3050D}.Release|Any CPU.Build.0 = Release|Any CPU
	EndGlobalSection
	GlobalSection(SolutionProperties) = preSolution
		HideSolutionNode = FALSE
	EndGlobalSection
	GlobalSection(ExtensibilityGlobals) = postSolution
		SolutionGuid = {99EE1929-5188-4D93-99F5-0DDFE5269AF5}
	EndGlobalSection
EndGlobal
